
Microsoft Visual Studio Solution File, Format Version 12.00
# Visual Studio Version 17
VisualStudioVersion = 17.14.36414.22 d17.14
MinimumVisualStudioVersion = 10.0.40219.1
Project("{FAE04EC0-301F-11D3-BF4B-00C04F79EFBC}") = "LB1", "LB1\LB1.csproj", "{9469A10C-DF9E-46FC-ABDC-D3B295B8A1DD}"
EndProject
Global
	GlobalSection(SolutionConfigurationPlatforms) = preSolution
		Debug|Any CPU = Debug|Any CPU
		Release|Any CPU = Release|Any CPU
	EndGlobalSection
	GlobalSection(ProjectConfigurationPlatforms) = postSolution
		{9469A10C-DF9E-46FC-ABDC-D3B295B8A1DD}.Debug|Any CPU.ActiveCfg = Debug|Any CPU
		{9469A10C-DF9E-46FC-ABDC-D3B295B8A1DD}.Debug|Any CPU.Build.0 = Debug|Any CPU
		{9469A10C-DF9E-46FC-ABDC-D3B295B8A1DD}.Release|Any CPU.ActiveCfg = Release|Any CPU
		{9469A10C-DF9E-46FC-ABDC-D3B295B8A1DD}.Release|Any CPU.Build.0 = Release|Any CPU
	EndGlobalSection
	GlobalSection(SolutionProperties) = preSolution
		HideSolutionNode = FALSE
	EndGlobalSection
	GlobalSection(ExtensibilityGlobals) = postSolution
		SolutionGuid = {68C03D0E-97C6-4CBA-BB44-AA919A4D499F}
	EndGlobalSection
EndGlobal
